{
  "requires": true,
  "lockfileVersion": 1,
  "dependencies": {
    "@cloudbase/page-module": {
      "version": "1.3.0-beta.2",
      "resolved": "https://mirrors.tencent.com/npm/@cloudbase%2fpage-module/-/page-module-1.3.0-beta.2.tgz",
      "integrity": "sha512-IJPSseqCbachM5df2/wJlXZkEqdnWAEOtWkKwvCfkIKa6WLUTeDm3FXTnwCYsUNq52v1TpUUfMhJt+d5jTbacg=="
    }
  }
}
